<?xml version="1.0" encoding="utf-8"?>
<Project ToolsVersion="4.0" xmlns="http://schemas.microsoft.com/developer/msbuild/2003">
  <ItemGroup>
    <Filter Include="源文件">
      <UniqueIdentifier>{4FC737F1-C7A5-4376-A066-2A32D752A2FF}</UniqueIdentifier>
      <Extensions>cpp;c;cc;cxx;def;odl;idl;hpj;bat;asm;asmx</Extensions>
    </Filter>
    <Filter Include="头文件">
      <UniqueIdentifier>{93995380-89BD-4b04-88EB-625FBE52EBFB}</UniqueIdentifier>
      <Extensions>h;hh;hpp;hxx;hm;inl;inc;xsd</Extensions>
    </Filter>
    <Filter Include="资源文件">
      <UniqueIdentifier>{67DA6AB6-F800-4c08-8B7A-83BB121AAD01}</UniqueIdentifier>
      <Extensions>rc;ico;cur;bmp;dlg;rc2;rct;bin;rgs;gif;jpg;jpeg;jpe;resx;tiff;tif;png;wav;mfcribbon-ms</Extensions>
    </Filter>
    <Filter Include="collada">
      <UniqueIdentifier>{abee9234-4b94-4843-836d-d40518b2c879}</UniqueIdentifier>
    </Filter>
    <Filter Include="collada\test">
      <UniqueIdentifier>{cc9883a9-9946-41c7-b231-e94392d0b4fd}</UniqueIdentifier>
    </Filter>
    <Filter Include="graphics">
      <UniqueIdentifier>{de8d7c05-42fb-47d6-aca6-5a3414bd7e34}</UniqueIdentifier>
    </Filter>
    <Filter Include="graphics\scripting">
      <UniqueIdentifier>{74e91a02-110c-4db8-bbbb-7c35c75b4d92}</UniqueIdentifier>
    </Filter>
  </ItemGroup>
  <ItemGroup>
    <Text Include="ReadMe.txt" />
  </ItemGroup>
  <ItemGroup>
    <ClInclude Include="targetver.h">
      <Filter>头文件</Filter>
    </ClInclude>
    <ClInclude Include="Resource.h">
      <Filter>头文件</Filter>
    </ClInclude>
    <ClInclude Include="fpsgame.h">
      <Filter>头文件</Filter>
    </ClInclude>
    <ClInclude Include="stdafx.h">
      <Filter>头文件</Filter>
    </ClInclude>
    <ClInclude Include="CommonConvert.h">
      <Filter>collada</Filter>
    </ClInclude>
    <ClInclude Include="StdSkeletons.h">
      <Filter>collada</Filter>
    </ClInclude>
    <ClInclude Include="Dll.h">
      <Filter>collada</Filter>
    </ClInclude>
    <ClInclude Include="Math.h">
      <Filter>collada</Filter>
    </ClInclude>
    <ClInclude Include="XMLFix.h">
      <Filter>collada</Filter>
    </ClInclude>
    <ClInclude Include="PMDConvert.h">
      <Filter>collada</Filter>
    </ClInclude>
    <ClInclude Include="precompiled.h">
      <Filter>collada</Filter>
    </ClInclude>
    <ClInclude Include="PSAConvert.h">
      <Filter>collada</Filter>
    </ClInclude>
    <ClInclude Include="Decompose.h">
      <Filter>collada</Filter>
    </ClInclude>
    <ClInclude Include="GeomReindex.h">
      <Filter>collada</Filter>
    </ClInclude>
    <ClInclude Include="JSInterfaace_GameView.h">
      <Filter>graphics\scripting</Filter>
    </ClInclude>
  </ItemGroup>
  <ItemGroup>
    <ClCompile Include="fpsgame.cpp">
      <Filter>源文件</Filter>
    </ClCompile>
    <ClCompile Include="StdSkeletons.cpp">
      <Filter>collada</Filter>
    </ClCompile>
    <ClCompile Include="CommonConvert.cpp">
      <Filter>collada</Filter>
    </ClCompile>
    <ClCompile Include="Dll.cpp">
      <Filter>collada</Filter>
    </ClCompile>
    <ClCompile Include="Math.cpp">
      <Filter>collada</Filter>
    </ClCompile>
    <ClCompile Include="XMLFix.cpp">
      <Filter>collada</Filter>
    </ClCompile>
    <ClCompile Include="PMDConvert.cpp">
      <Filter>collada</Filter>
    </ClCompile>
    <ClCompile Include="precompiled.cpp">
      <Filter>collada</Filter>
    </ClCompile>
    <ClCompile Include="PSAConvert.cpp">
      <Filter>collada</Filter>
    </ClCompile>
    <ClCompile Include="Decompose.cpp">
      <Filter>collada</Filter>
    </ClCompile>
    <ClCompile Include="GeomReindex.cpp">
      <Filter>collada</Filter>
    </ClCompile>
    <ClCompile Include="JSInterface_GameView.cpp">
      <Filter>graphics\scripting</Filter>
    </ClCompile>
  </ItemGroup>
  <ItemGroup>
    <ResourceCompile Include="fpsgame.rc">
      <Filter>资源文件</Filter>
    </ResourceCompile>
  </ItemGroup>
  <ItemGroup>
    <Image Include="small.ico">
      <Filter>资源文件</Filter>
    </Image>
    <Image Include="fpsgame.ico">
      <Filter>资源文件</Filter>
    </Image>
  </ItemGroup>
  <ItemGroup>
    <None Include="tests.py">
      <Filter>collada\test</Filter>
    </None>
  </ItemGroup>
</Project>