<?xml version="1.0" encoding="utf-8"?>
<Project ToolsVersion="4.0" xmlns="http://schemas.microsoft.com/developer/msbuild/2003">
  <ItemGroup>
    <Filter Include="源文件">
      <UniqueIdentifier>{4FC737F1-C7A5-4376-A066-2A32D752A2FF}</UniqueIdentifier>
      <Extensions>cpp;c;cc;cxx;def;odl;idl;hpj;bat;asm;asmx</Extensions>
    </Filter>
    <Filter Include="头文件">
      <UniqueIdentifier>{93995380-89BD-4b04-88EB-625FBE52EBFB}</UniqueIdentifier>
      <Extensions>h;hh;hpp;hxx;hm;inl;inc;xsd</Extensions>
    </Filter>
    <Filter Include="资源文件">
      <UniqueIdentifier>{67DA6AB6-F800-4c08-8B7A-83BB121AAD01}</UniqueIdentifier>
      <Extensions>rc;ico;cur;bmp;dlg;rc2;rct;bin;rgs;gif;jpg;jpeg;jpe;resx;tiff;tif;png;wav;mfcribbon-ms</Extensions>
    </Filter>
    <Filter Include="collada">
      <UniqueIdentifier>{abee9234-4b94-4843-836d-d40518b2c879}</UniqueIdentifier>
    </Filter>
    <Filter Include="collada\test">
      <UniqueIdentifier>{cc9883a9-9946-41c7-b231-e94392d0b4fd}</UniqueIdentifier>
    </Filter>
    <Filter Include="graphics">
      <UniqueIdentifier>{de8d7c05-42fb-47d6-aca6-5a3414bd7e34}</UniqueIdentifier>
    </Filter>
    <Filter Include="graphics\scripting">
      <UniqueIdentifier>{74e91a02-110c-4db8-bbbb-7c35c75b4d92}</UniqueIdentifier>
    </Filter>
    <Filter Include="graphics\tests">
      <UniqueIdentifier>{54655364-4c34-485e-97c6-5b0f7350a110}</UniqueIdentifier>
    </Filter>
  </ItemGroup>
  <ItemGroup>
    <ClInclude Include="targetver.h">
      <Filter>头文件</Filter>
    </ClInclude>
    <ClInclude Include="Resource.h">
      <Filter>头文件</Filter>
    </ClInclude>
    <ClInclude Include="fpsgame.h">
      <Filter>头文件</Filter>
    </ClInclude>
    <ClInclude Include="stdafx.h">
      <Filter>头文件</Filter>
    </ClInclude>
    <ClInclude Include="CommonConvert.h">
      <Filter>collada</Filter>
    </ClInclude>
    <ClInclude Include="StdSkeletons.h">
      <Filter>collada</Filter>
    </ClInclude>
    <ClInclude Include="Dll.h">
      <Filter>collada</Filter>
    </ClInclude>
    <ClInclude Include="Math.h">
      <Filter>collada</Filter>
    </ClInclude>
    <ClInclude Include="XMLFix.h">
      <Filter>collada</Filter>
    </ClInclude>
    <ClInclude Include="PMDConvert.h">
      <Filter>collada</Filter>
    </ClInclude>
    <ClInclude Include="precompiled.h">
      <Filter>collada</Filter>
    </ClInclude>
    <ClInclude Include="PSAConvert.h">
      <Filter>collada</Filter>
    </ClInclude>
    <ClInclude Include="Decompose.h">
      <Filter>collada</Filter>
    </ClInclude>
    <ClInclude Include="GeomReindex.h">
      <Filter>collada</Filter>
    </ClInclude>
    <ClInclude Include="JSInterfaace_GameView.h">
      <Filter>graphics\scripting</Filter>
    </ClInclude>
    <ClInclude Include="test_Color.h">
      <Filter>graphics\tests</Filter>
    </ClInclude>
    <ClInclude Include="Camera.h">
      <Filter>graphics</Filter>
    </ClInclude>
    <ClInclude Include="graphics\CinemaManager.h">
      <Filter>graphics</Filter>
    </ClInclude>
    <ClInclude Include="graphics\CinimaPath.h">
      <Filter>graphics</Filter>
    </ClInclude>
    <ClInclude Include="graphics\ColladaManager.h">
      <Filter>graphics</Filter>
    </ClInclude>
    <ClInclude Include="graphics\Color.h">
      <Filter>graphics</Filter>
    </ClInclude>
    <ClInclude Include="graphics\SColor.h">
      <Filter>graphics</Filter>
    </ClInclude>
    <ClInclude Include="graphics\Unit.h">
      <Filter>头文件</Filter>
    </ClInclude>
    <ClInclude Include="graphics\Font.h">
      <Filter>graphics</Filter>
    </ClInclude>
    <ClInclude Include="graphics\Camera.h">
      <Filter>graphics</Filter>
    </ClInclude>
    <ClInclude Include="graphics\Decal.h">
      <Filter>graphics</Filter>
    </ClInclude>
    <ClInclude Include="graphics\Entity.h">
      <Filter>graphics</Filter>
    </ClInclude>
    <ClInclude Include="graphics\FontManager.h">
      <Filter>graphics</Filter>
    </ClInclude>
    <ClInclude Include="graphics\FontMetrics.h">
      <Filter>graphics</Filter>
    </ClInclude>
    <ClInclude Include="graphics\Frustum.h">
      <Filter>graphics</Filter>
    </ClInclude>
    <ClInclude Include="graphics\GameView.h">
      <Filter>graphics</Filter>
    </ClInclude>
    <ClInclude Include="graphics\HeightMipmap.h">
      <Filter>graphics</Filter>
    </ClInclude>
    <ClInclude Include="graphics\HFTracer.h">
      <Filter>graphics</Filter>
    </ClInclude>
    <ClInclude Include="graphics\LightEnv.h">
      <Filter>graphics</Filter>
    </ClInclude>
    <ClInclude Include="graphics\LOSTexture.h">
      <Filter>graphics</Filter>
    </ClInclude>
    <ClInclude Include="graphics\MapGenerator.h">
      <Filter>graphics</Filter>
    </ClInclude>
    <ClInclude Include="graphics\MapIO.h">
      <Filter>graphics</Filter>
    </ClInclude>
    <ClInclude Include="graphics\MapReader.h">
      <Filter>graphics</Filter>
    </ClInclude>
    <ClInclude Include="graphics\MapWriter.h">
      <Filter>graphics</Filter>
    </ClInclude>
    <ClInclude Include="graphics\Material.h">
      <Filter>graphics</Filter>
    </ClInclude>
    <ClInclude Include="graphics\MaterialManager.h">
      <Filter>graphics</Filter>
    </ClInclude>
    <ClInclude Include="graphics\MeshManager.h">
      <Filter>graphics</Filter>
    </ClInclude>
    <ClInclude Include="graphics\MiniPatch.h">
      <Filter>graphics</Filter>
    </ClInclude>
    <ClInclude Include="graphics\Model.h">
      <Filter>graphics</Filter>
    </ClInclude>
    <ClInclude Include="graphics\ModelAbstract.h">
      <Filter>graphics</Filter>
    </ClInclude>
    <ClInclude Include="graphics\ModelDef.h">
      <Filter>graphics</Filter>
    </ClInclude>
    <ClInclude Include="graphics\ObjectBase.h">
      <Filter>graphics</Filter>
    </ClInclude>
    <ClInclude Include="graphics\ObjectEntry.h">
      <Filter>graphics</Filter>
    </ClInclude>
    <ClInclude Include="graphics\ObjectManager.h">
      <Filter>graphics</Filter>
    </ClInclude>
    <ClInclude Include="graphics\Overlay.h">
      <Filter>graphics</Filter>
    </ClInclude>
    <ClInclude Include="graphics\ParticleEmitter.h">
      <Filter>graphics</Filter>
    </ClInclude>
    <ClInclude Include="graphics\ParticleEmitterType.h">
      <Filter>graphics</Filter>
    </ClInclude>
    <ClInclude Include="graphics\ParticleManager.h">
      <Filter>graphics</Filter>
    </ClInclude>
    <ClInclude Include="graphics\Patch.h">
      <Filter>graphics</Filter>
    </ClInclude>
    <ClInclude Include="graphics\RenderableObject.h">
      <Filter>graphics</Filter>
    </ClInclude>
    <ClInclude Include="graphics\ShaderDefines.h">
      <Filter>graphics</Filter>
    </ClInclude>
    <ClInclude Include="graphics\ShaderManager.h">
      <Filter>graphics</Filter>
    </ClInclude>
    <ClInclude Include="graphics\ShaderProgram.h">
      <Filter>graphics</Filter>
    </ClInclude>
    <ClInclude Include="graphics\ShaderProgramPtr.h">
      <Filter>graphics</Filter>
    </ClInclude>
    <ClInclude Include="graphics\ShaderTechnique.h">
      <Filter>graphics</Filter>
    </ClInclude>
    <ClInclude Include="graphics\SkeletonAnim.h">
      <Filter>graphics</Filter>
    </ClInclude>
    <ClInclude Include="graphics\SkeletonAnimDef.h">
      <Filter>graphics</Filter>
    </ClInclude>
    <ClInclude Include="graphics\SkeletonAnimManager.h">
      <Filter>graphics</Filter>
    </ClInclude>
    <ClInclude Include="graphics\Terrain.h">
      <Filter>graphics</Filter>
    </ClInclude>
    <ClInclude Include="graphics\TerrainProperties.h">
      <Filter>graphics</Filter>
    </ClInclude>
    <ClInclude Include="graphics\TerrainTextureEntry.h">
      <Filter>graphics</Filter>
    </ClInclude>
    <ClInclude Include="graphics\TerrainTextureManager.h">
      <Filter>graphics</Filter>
    </ClInclude>
    <ClInclude Include="graphics\TerritoryBoundary.h">
      <Filter>graphics</Filter>
    </ClInclude>
    <ClInclude Include="graphics\TerritoryTexture.h">
      <Filter>graphics</Filter>
    </ClInclude>
    <ClInclude Include="graphics\TextRenderer.h">
      <Filter>graphics</Filter>
    </ClInclude>
    <ClInclude Include="graphics\Texture.h">
      <Filter>graphics</Filter>
    </ClInclude>
    <ClInclude Include="graphics\TextureConverter.h">
      <Filter>graphics</Filter>
    </ClInclude>
    <ClInclude Include="graphics\TextureManager.h">
      <Filter>graphics</Filter>
    </ClInclude>
    <ClInclude Include="graphics\UnitAnimation.h">
      <Filter>graphics</Filter>
    </ClInclude>
    <ClInclude Include="graphics\UnitManager.h">
      <Filter>graphics</Filter>
    </ClInclude>
  </ItemGroup>
  <ItemGroup>
    <ClCompile Include="fpsgame.cpp">
      <Filter>源文件</Filter>
    </ClCompile>
    <ClCompile Include="StdSkeletons.cpp">
      <Filter>collada</Filter>
    </ClCompile>
    <ClCompile Include="CommonConvert.cpp">
      <Filter>collada</Filter>
    </ClCompile>
    <ClCompile Include="Dll.cpp">
      <Filter>collada</Filter>
    </ClCompile>
    <ClCompile Include="Math.cpp">
      <Filter>collada</Filter>
    </ClCompile>
    <ClCompile Include="XMLFix.cpp">
      <Filter>collada</Filter>
    </ClCompile>
    <ClCompile Include="PMDConvert.cpp">
      <Filter>collada</Filter>
    </ClCompile>
    <ClCompile Include="precompiled.cpp">
      <Filter>collada</Filter>
    </ClCompile>
    <ClCompile Include="PSAConvert.cpp">
      <Filter>collada</Filter>
    </ClCompile>
    <ClCompile Include="Decompose.cpp">
      <Filter>collada</Filter>
    </ClCompile>
    <ClCompile Include="GeomReindex.cpp">
      <Filter>collada</Filter>
    </ClCompile>
    <ClCompile Include="JSInterface_GameView.cpp">
      <Filter>graphics\scripting</Filter>
    </ClCompile>
    <ClCompile Include="Camera.cpp">
      <Filter>graphics</Filter>
    </ClCompile>
    <ClCompile Include="graphics\CinemaManager.cpp">
      <Filter>graphics</Filter>
    </ClCompile>
    <ClCompile Include="graphics\CinimaPath.cpp">
      <Filter>graphics</Filter>
    </ClCompile>
    <ClCompile Include="graphics\ColladaManager.cpp">
      <Filter>graphics</Filter>
    </ClCompile>
    <ClCompile Include="graphics\Color.cpp">
      <Filter>源文件</Filter>
    </ClCompile>
    <ClCompile Include="graphics\Unit.cpp">
      <Filter>源文件</Filter>
    </ClCompile>
    <ClCompile Include="graphics\Font.cpp">
      <Filter>graphics</Filter>
    </ClCompile>
    <ClCompile Include="graphics\Camera.cpp">
      <Filter>graphics</Filter>
    </ClCompile>
    <ClCompile Include="graphics\Decal.cpp">
      <Filter>graphics</Filter>
    </ClCompile>
    <ClCompile Include="graphics\FontManager.cpp">
      <Filter>graphics</Filter>
    </ClCompile>
    <ClCompile Include="graphics\FontMetrics.cpp">
      <Filter>graphics</Filter>
    </ClCompile>
    <ClCompile Include="graphics\Frustum.cpp">
      <Filter>graphics</Filter>
    </ClCompile>
    <ClCompile Include="graphics\GameView.cpp">
      <Filter>graphics</Filter>
    </ClCompile>
    <ClCompile Include="graphics\HeightMipmap.cpp">
      <Filter>graphics</Filter>
    </ClCompile>
    <ClCompile Include="graphics\HFTracer.cpp">
      <Filter>graphics</Filter>
    </ClCompile>
    <ClCompile Include="graphics\LightEnv.cpp">
      <Filter>graphics</Filter>
    </ClCompile>
    <ClCompile Include="graphics\LOSTexture.cpp">
      <Filter>graphics</Filter>
    </ClCompile>
    <ClCompile Include="graphics\MapGenerator.cpp">
      <Filter>graphics</Filter>
    </ClCompile>
    <ClCompile Include="graphics\MapReader.cpp">
      <Filter>graphics</Filter>
    </ClCompile>
    <ClCompile Include="graphics\MapWriter.cpp">
      <Filter>graphics</Filter>
    </ClCompile>
    <ClCompile Include="graphics\Material.cpp">
      <Filter>graphics</Filter>
    </ClCompile>
    <ClCompile Include="graphics\MaterialManager.cpp">
      <Filter>graphics</Filter>
    </ClCompile>
    <ClCompile Include="graphics\MeshManager.cpp">
      <Filter>graphics</Filter>
    </ClCompile>
    <ClCompile Include="graphics\MiniPatch.cpp">
      <Filter>graphics</Filter>
    </ClCompile>
    <ClCompile Include="graphics\Model.cpp">
      <Filter>graphics</Filter>
    </ClCompile>
    <ClCompile Include="graphics\ModelAbstract.cpp">
      <Filter>graphics</Filter>
    </ClCompile>
    <ClCompile Include="graphics\ModelDef.cpp">
      <Filter>graphics</Filter>
    </ClCompile>
    <ClCompile Include="graphics\ObjectBase.cpp">
      <Filter>graphics</Filter>
    </ClCompile>
    <ClCompile Include="graphics\ObjectEntry.cpp">
      <Filter>graphics</Filter>
    </ClCompile>
    <ClCompile Include="graphics\ObjectManager.cpp">
      <Filter>graphics</Filter>
    </ClCompile>
    <ClCompile Include="graphics\Overlay.cpp">
      <Filter>graphics</Filter>
    </ClCompile>
    <ClCompile Include="graphics\ParticleEmitter.cpp">
      <Filter>graphics</Filter>
    </ClCompile>
    <ClCompile Include="graphics\ParticleEmitterType.cpp">
      <Filter>graphics</Filter>
    </ClCompile>
    <ClCompile Include="graphics\ParticleManager.cpp">
      <Filter>graphics</Filter>
    </ClCompile>
    <ClCompile Include="graphics\Patch.cpp">
      <Filter>graphics</Filter>
    </ClCompile>
    <ClCompile Include="graphics\ShaderDefines.cpp">
      <Filter>graphics</Filter>
    </ClCompile>
    <ClCompile Include="graphics\ShaderManager.cpp">
      <Filter>graphics</Filter>
    </ClCompile>
    <ClCompile Include="graphics\ShaderProgram.cpp">
      <Filter>graphics</Filter>
    </ClCompile>
    <ClCompile Include="graphics\ShaderProgramFFP.cpp">
      <Filter>graphics</Filter>
    </ClCompile>
    <ClCompile Include="graphics\ShaderTechnique.cpp">
      <Filter>graphics</Filter>
    </ClCompile>
    <ClCompile Include="graphics\SkeletonAnimDef.cpp">
      <Filter>graphics</Filter>
    </ClCompile>
    <ClCompile Include="graphics\SkeletonAnimManager.cpp">
      <Filter>graphics</Filter>
    </ClCompile>
    <ClCompile Include="graphics\Terrain.cpp">
      <Filter>graphics</Filter>
    </ClCompile>
    <ClCompile Include="graphics\TerrainProperties.cpp">
      <Filter>graphics</Filter>
    </ClCompile>
    <ClCompile Include="graphics\TerrainTextureEntry.cpp">
      <Filter>graphics</Filter>
    </ClCompile>
    <ClCompile Include="graphics\TerrainTextureManager.cpp">
      <Filter>graphics</Filter>
    </ClCompile>
    <ClCompile Include="graphics\TerritoryBoundary.cpp">
      <Filter>graphics</Filter>
    </ClCompile>
    <ClCompile Include="graphics\TerritoryTexture.cpp">
      <Filter>graphics</Filter>
    </ClCompile>
    <ClCompile Include="graphics\TextRenderer.cpp">
      <Filter>graphics</Filter>
    </ClCompile>
    <ClCompile Include="graphics\TextureConverter.cpp">
      <Filter>graphics</Filter>
    </ClCompile>
    <ClCompile Include="graphics\TextureManager.cpp">
      <Filter>graphics</Filter>
    </ClCompile>
    <ClCompile Include="graphics\UnitAnimation.cpp">
      <Filter>graphics</Filter>
    </ClCompile>
    <ClCompile Include="graphics\UnitManager.cpp">
      <Filter>graphics</Filter>
    </ClCompile>
  </ItemGroup>
  <ItemGroup>
    <ResourceCompile Include="fpsgame.rc">
      <Filter>资源文件</Filter>
    </ResourceCompile>
  </ItemGroup>
  <ItemGroup>
    <Image Include="small.ico">
      <Filter>资源文件</Filter>
    </Image>
    <Image Include="fpsgame.ico">
      <Filter>资源文件</Filter>
    </Image>
  </ItemGroup>
  <ItemGroup>
    <None Include="tests.py">
      <Filter>collada\test</Filter>
    </None>
  </ItemGroup>
</Project>