<?xml version="1.0" encoding="utf-8"?>
<Project ToolsVersion="4.0" xmlns="http://schemas.microsoft.com/developer/msbuild/2003">
  <ItemGroup>
    <Filter Include="源文件">
      <UniqueIdentifier>{4FC737F1-C7A5-4376-A066-2A32D752A2FF}</UniqueIdentifier>
      <Extensions>cpp;c;cc;cxx;def;odl;idl;hpj;bat;asm;asmx</Extensions>
    </Filter>
    <Filter Include="头文件">
      <UniqueIdentifier>{93995380-89BD-4b04-88EB-625FBE52EBFB}</UniqueIdentifier>
      <Extensions>h;hh;hpp;hxx;hm;inl;inc;xsd</Extensions>
    </Filter>
    <Filter Include="资源文件">
      <UniqueIdentifier>{67DA6AB6-F800-4c08-8B7A-83BB121AAD01}</UniqueIdentifier>
      <Extensions>rc;ico;cur;bmp;dlg;rc2;rct;bin;rgs;gif;jpg;jpeg;jpe;resx;tiff;tif;png;wav;mfcribbon-ms</Extensions>
    </Filter>
    <Filter Include="collada">
      <UniqueIdentifier>{abee9234-4b94-4843-836d-d40518b2c879}</UniqueIdentifier>
    </Filter>
    <Filter Include="collada\test">
      <UniqueIdentifier>{cc9883a9-9946-41c7-b231-e94392d0b4fd}</UniqueIdentifier>
    </Filter>
    <Filter Include="graphics">
      <UniqueIdentifier>{de8d7c05-42fb-47d6-aca6-5a3414bd7e34}</UniqueIdentifier>
    </Filter>
    <Filter Include="graphics\scripting">
      <UniqueIdentifier>{74e91a02-110c-4db8-bbbb-7c35c75b4d92}</UniqueIdentifier>
    </Filter>
    <Filter Include="graphics\tests">
      <UniqueIdentifier>{54655364-4c34-485e-97c6-5b0f7350a110}</UniqueIdentifier>
    </Filter>
    <Filter Include="gui">
      <UniqueIdentifier>{0ca696ac-f0d0-4171-8a8c-722351d463b6}</UniqueIdentifier>
    </Filter>
    <Filter Include="lib">
      <UniqueIdentifier>{b0d38194-5cc6-4f03-bab1-e436cfa0fd54}</UniqueIdentifier>
    </Filter>
    <Filter Include="gui\adts">
      <UniqueIdentifier>{dbe81d61-49f6-48b9-91e7-f45d58e2c3b8}</UniqueIdentifier>
    </Filter>
    <Filter Include="gui\allocators">
      <UniqueIdentifier>{7ea3a6ba-c352-46eb-8234-aba4346ce511}</UniqueIdentifier>
    </Filter>
    <Filter Include="gui\external_libraries">
      <UniqueIdentifier>{c89ac26a-3d53-4dab-8755-aee918e48aa5}</UniqueIdentifier>
    </Filter>
    <Filter Include="gui\file">
      <UniqueIdentifier>{dafd4f8a-32d4-404a-92ac-1c9c96b64c79}</UniqueIdentifier>
    </Filter>
    <Filter Include="gui\pch">
      <UniqueIdentifier>{5dbe1526-1d67-4405-9c10-77ec92ffd96f}</UniqueIdentifier>
    </Filter>
    <Filter Include="gui\posix">
      <UniqueIdentifier>{c7dc3e63-daec-413f-b91e-d1e492831457}</UniqueIdentifier>
    </Filter>
    <Filter Include="gui\res">
      <UniqueIdentifier>{50b6342b-c11d-4971-826d-06d86cda2539}</UniqueIdentifier>
    </Filter>
    <Filter Include="gui\sysdep">
      <UniqueIdentifier>{815de4b5-0e93-41a6-95ad-8069acd1df48}</UniqueIdentifier>
    </Filter>
    <Filter Include="gui\tests">
      <UniqueIdentifier>{b405d419-7412-4598-aae5-e49116bd52dd}</UniqueIdentifier>
    </Filter>
    <Filter Include="gui\tex">
      <UniqueIdentifier>{7256d413-6847-4e9f-9817-2bba5598ec67}</UniqueIdentifier>
    </Filter>
    <Filter Include="gui\allocators\tests">
      <UniqueIdentifier>{d01071a0-e27f-4638-8d56-251d1daae15e}</UniqueIdentifier>
    </Filter>
    <Filter Include="gui\file\archive">
      <UniqueIdentifier>{815e3ac6-a571-49d3-b17b-b5372bdffbb5}</UniqueIdentifier>
    </Filter>
    <Filter Include="gui\file\common">
      <UniqueIdentifier>{208439fd-e1da-45fc-bb0c-ea4c761dc30f}</UniqueIdentifier>
    </Filter>
    <Filter Include="gui\file\disabled_tests">
      <UniqueIdentifier>{7d76f80e-37e3-4119-ac7d-0cae0bdae87e}</UniqueIdentifier>
    </Filter>
    <Filter Include="gui\file\io">
      <UniqueIdentifier>{11f25438-9f84-46a6-817f-231e3fae645f}</UniqueIdentifier>
    </Filter>
    <Filter Include="gui\file\vfs">
      <UniqueIdentifier>{be147866-aae3-49cf-a6fa-d19924453d85}</UniqueIdentifier>
    </Filter>
    <Filter Include="gui\file\vfs\tests">
      <UniqueIdentifier>{e4590d21-7475-4f42-ad53-5c7eac4cff90}</UniqueIdentifier>
    </Filter>
  </ItemGroup>
  <ItemGroup>
    <ClInclude Include="targetver.h">
      <Filter>头文件</Filter>
    </ClInclude>
    <ClInclude Include="Resource.h">
      <Filter>头文件</Filter>
    </ClInclude>
    <ClInclude Include="fpsgame.h">
      <Filter>头文件</Filter>
    </ClInclude>
    <ClInclude Include="stdafx.h">
      <Filter>头文件</Filter>
    </ClInclude>
    <ClInclude Include="CommonConvert.h">
      <Filter>collada</Filter>
    </ClInclude>
    <ClInclude Include="StdSkeletons.h">
      <Filter>collada</Filter>
    </ClInclude>
    <ClInclude Include="Dll.h">
      <Filter>collada</Filter>
    </ClInclude>
    <ClInclude Include="Math.h">
      <Filter>collada</Filter>
    </ClInclude>
    <ClInclude Include="XMLFix.h">
      <Filter>collada</Filter>
    </ClInclude>
    <ClInclude Include="PMDConvert.h">
      <Filter>collada</Filter>
    </ClInclude>
    <ClInclude Include="precompiled.h">
      <Filter>collada</Filter>
    </ClInclude>
    <ClInclude Include="PSAConvert.h">
      <Filter>collada</Filter>
    </ClInclude>
    <ClInclude Include="Decompose.h">
      <Filter>collada</Filter>
    </ClInclude>
    <ClInclude Include="GeomReindex.h">
      <Filter>collada</Filter>
    </ClInclude>
    <ClInclude Include="JSInterfaace_GameView.h">
      <Filter>graphics\scripting</Filter>
    </ClInclude>
    <ClInclude Include="test_Color.h">
      <Filter>graphics\tests</Filter>
    </ClInclude>
    <ClInclude Include="Camera.h">
      <Filter>graphics</Filter>
    </ClInclude>
    <ClInclude Include="graphics\CinemaManager.h">
      <Filter>graphics</Filter>
    </ClInclude>
    <ClInclude Include="graphics\CinimaPath.h">
      <Filter>graphics</Filter>
    </ClInclude>
    <ClInclude Include="graphics\ColladaManager.h">
      <Filter>graphics</Filter>
    </ClInclude>
    <ClInclude Include="graphics\Color.h">
      <Filter>graphics</Filter>
    </ClInclude>
    <ClInclude Include="graphics\SColor.h">
      <Filter>graphics</Filter>
    </ClInclude>
    <ClInclude Include="graphics\Unit.h">
      <Filter>头文件</Filter>
    </ClInclude>
    <ClInclude Include="graphics\Font.h">
      <Filter>graphics</Filter>
    </ClInclude>
    <ClInclude Include="graphics\Camera.h">
      <Filter>graphics</Filter>
    </ClInclude>
    <ClInclude Include="graphics\Decal.h">
      <Filter>graphics</Filter>
    </ClInclude>
    <ClInclude Include="graphics\Entity.h">
      <Filter>graphics</Filter>
    </ClInclude>
    <ClInclude Include="graphics\FontManager.h">
      <Filter>graphics</Filter>
    </ClInclude>
    <ClInclude Include="graphics\FontMetrics.h">
      <Filter>graphics</Filter>
    </ClInclude>
    <ClInclude Include="graphics\Frustum.h">
      <Filter>graphics</Filter>
    </ClInclude>
    <ClInclude Include="graphics\GameView.h">
      <Filter>graphics</Filter>
    </ClInclude>
    <ClInclude Include="graphics\HeightMipmap.h">
      <Filter>graphics</Filter>
    </ClInclude>
    <ClInclude Include="graphics\HFTracer.h">
      <Filter>graphics</Filter>
    </ClInclude>
    <ClInclude Include="graphics\LightEnv.h">
      <Filter>graphics</Filter>
    </ClInclude>
    <ClInclude Include="graphics\LOSTexture.h">
      <Filter>graphics</Filter>
    </ClInclude>
    <ClInclude Include="graphics\MapGenerator.h">
      <Filter>graphics</Filter>
    </ClInclude>
    <ClInclude Include="graphics\MapIO.h">
      <Filter>graphics</Filter>
    </ClInclude>
    <ClInclude Include="graphics\MapReader.h">
      <Filter>graphics</Filter>
    </ClInclude>
    <ClInclude Include="graphics\MapWriter.h">
      <Filter>graphics</Filter>
    </ClInclude>
    <ClInclude Include="graphics\Material.h">
      <Filter>graphics</Filter>
    </ClInclude>
    <ClInclude Include="graphics\MaterialManager.h">
      <Filter>graphics</Filter>
    </ClInclude>
    <ClInclude Include="graphics\MeshManager.h">
      <Filter>graphics</Filter>
    </ClInclude>
    <ClInclude Include="graphics\MiniPatch.h">
      <Filter>graphics</Filter>
    </ClInclude>
    <ClInclude Include="graphics\Model.h">
      <Filter>graphics</Filter>
    </ClInclude>
    <ClInclude Include="graphics\ModelAbstract.h">
      <Filter>graphics</Filter>
    </ClInclude>
    <ClInclude Include="graphics\ModelDef.h">
      <Filter>graphics</Filter>
    </ClInclude>
    <ClInclude Include="graphics\ObjectBase.h">
      <Filter>graphics</Filter>
    </ClInclude>
    <ClInclude Include="graphics\ObjectEntry.h">
      <Filter>graphics</Filter>
    </ClInclude>
    <ClInclude Include="graphics\ObjectManager.h">
      <Filter>graphics</Filter>
    </ClInclude>
    <ClInclude Include="graphics\Overlay.h">
      <Filter>graphics</Filter>
    </ClInclude>
    <ClInclude Include="graphics\ParticleEmitter.h">
      <Filter>graphics</Filter>
    </ClInclude>
    <ClInclude Include="graphics\ParticleEmitterType.h">
      <Filter>graphics</Filter>
    </ClInclude>
    <ClInclude Include="graphics\ParticleManager.h">
      <Filter>graphics</Filter>
    </ClInclude>
    <ClInclude Include="graphics\Patch.h">
      <Filter>graphics</Filter>
    </ClInclude>
    <ClInclude Include="graphics\RenderableObject.h">
      <Filter>graphics</Filter>
    </ClInclude>
    <ClInclude Include="graphics\ShaderDefines.h">
      <Filter>graphics</Filter>
    </ClInclude>
    <ClInclude Include="graphics\ShaderManager.h">
      <Filter>graphics</Filter>
    </ClInclude>
    <ClInclude Include="graphics\ShaderProgram.h">
      <Filter>graphics</Filter>
    </ClInclude>
    <ClInclude Include="graphics\ShaderProgramPtr.h">
      <Filter>graphics</Filter>
    </ClInclude>
    <ClInclude Include="graphics\ShaderTechnique.h">
      <Filter>graphics</Filter>
    </ClInclude>
    <ClInclude Include="graphics\SkeletonAnim.h">
      <Filter>graphics</Filter>
    </ClInclude>
    <ClInclude Include="graphics\SkeletonAnimDef.h">
      <Filter>graphics</Filter>
    </ClInclude>
    <ClInclude Include="graphics\SkeletonAnimManager.h">
      <Filter>graphics</Filter>
    </ClInclude>
    <ClInclude Include="graphics\Terrain.h">
      <Filter>graphics</Filter>
    </ClInclude>
    <ClInclude Include="graphics\TerrainProperties.h">
      <Filter>graphics</Filter>
    </ClInclude>
    <ClInclude Include="graphics\TerrainTextureEntry.h">
      <Filter>graphics</Filter>
    </ClInclude>
    <ClInclude Include="graphics\TerrainTextureManager.h">
      <Filter>graphics</Filter>
    </ClInclude>
    <ClInclude Include="graphics\TerritoryBoundary.h">
      <Filter>graphics</Filter>
    </ClInclude>
    <ClInclude Include="graphics\TerritoryTexture.h">
      <Filter>graphics</Filter>
    </ClInclude>
    <ClInclude Include="graphics\TextRenderer.h">
      <Filter>graphics</Filter>
    </ClInclude>
    <ClInclude Include="graphics\Texture.h">
      <Filter>graphics</Filter>
    </ClInclude>
    <ClInclude Include="graphics\TextureConverter.h">
      <Filter>graphics</Filter>
    </ClInclude>
    <ClInclude Include="graphics\TextureManager.h">
      <Filter>graphics</Filter>
    </ClInclude>
    <ClInclude Include="graphics\UnitAnimation.h">
      <Filter>graphics</Filter>
    </ClInclude>
    <ClInclude Include="graphics\UnitManager.h">
      <Filter>graphics</Filter>
    </ClInclude>
    <ClInclude Include="gui\alignment.h">
      <Filter>gui</Filter>
    </ClInclude>
    <ClInclude Include="gui\app_hooks.h">
      <Filter>gui</Filter>
    </ClInclude>
    <ClInclude Include="gui\base32.h">
      <Filter>gui</Filter>
    </ClInclude>
    <ClInclude Include="gui\bits.h">
      <Filter>gui</Filter>
    </ClInclude>
    <ClInclude Include="gui\byte_order.h">
      <Filter>gui</Filter>
    </ClInclude>
    <ClInclude Include="gui\code_annotation.h">
      <Filter>gui</Filter>
    </ClInclude>
    <ClInclude Include="gui\code_generation.h">
      <Filter>gui</Filter>
    </ClInclude>
    <ClInclude Include="gui\config.h">
      <Filter>gui</Filter>
    </ClInclude>
    <ClInclude Include="gui\config2.h">
      <Filter>gui</Filter>
    </ClInclude>
    <ClInclude Include="gui\debug.h">
      <Filter>gui</Filter>
    </ClInclude>
    <ClInclude Include="gui\debug_stl.h">
      <Filter>gui</Filter>
    </ClInclude>
    <ClInclude Include="gui\fnv_hash.h">
      <Filter>gui</Filter>
    </ClInclude>
    <ClInclude Include="gui\frequency_filter.h">
      <Filter>gui</Filter>
    </ClInclude>
    <ClInclude Include="gui\input.h">
      <Filter>gui</Filter>
    </ClInclude>
    <ClInclude Include="gui\lib.h">
      <Filter>gui</Filter>
    </ClInclude>
    <ClInclude Include="gui\lib_api.h">
      <Filter>gui</Filter>
    </ClInclude>
    <ClInclude Include="gui\module_init.h">
      <Filter>gui</Filter>
    </ClInclude>
    <ClInclude Include="gui\ogl.h">
      <Filter>gui</Filter>
    </ClInclude>
    <ClInclude Include="gui\os_path.h">
      <Filter>gui</Filter>
    </ClInclude>
    <ClInclude Include="gui\path.h">
      <Filter>gui</Filter>
    </ClInclude>
    <ClInclude Include="gui\pointer_typedefs.h">
      <Filter>gui</Filter>
    </ClInclude>
    <ClInclude Include="gui\precompiled.h">
      <Filter>gui</Filter>
    </ClInclude>
    <ClInclude Include="gui\rand.h">
      <Filter>gui</Filter>
    </ClInclude>
    <ClInclude Include="gui\regex.h">
      <Filter>gui</Filter>
    </ClInclude>
    <ClInclude Include="gui\secure_crt.h">
      <Filter>gui</Filter>
    </ClInclude>
    <ClInclude Include="gui\self_test.h">
      <Filter>gui</Filter>
    </ClInclude>
    <ClInclude Include="gui\status.h">
      <Filter>gui</Filter>
    </ClInclude>
    <ClInclude Include="gui\svn_revision.h">
      <Filter>gui</Filter>
    </ClInclude>
    <ClInclude Include="gui\timer.h">
      <Filter>gui</Filter>
    </ClInclude>
    <ClInclude Include="gui\types.h">
      <Filter>gui</Filter>
    </ClInclude>
    <ClInclude Include="gui\utf8.h">
      <Filter>gui</Filter>
    </ClInclude>
    <ClInclude Include="gui\adts\bit_buf.h">
      <Filter>gui\adts</Filter>
    </ClInclude>
    <ClInclude Include="gui\adts\cache_adt.h">
      <Filter>gui\adts</Filter>
    </ClInclude>
    <ClInclude Include="gui\adts\dyn_hash_tbl.h">
      <Filter>gui\adts</Filter>
    </ClInclude>
    <ClInclude Include="gui\adts\ring_buf.h">
      <Filter>gui\adts</Filter>
    </ClInclude>
    <ClInclude Include="gui\allocators\aligned_allocator.h">
      <Filter>gui\allocators</Filter>
    </ClInclude>
    <ClInclude Include="gui\allocators\allocator_adapters.h">
      <Filter>gui\allocators</Filter>
    </ClInclude>
    <ClInclude Include="gui\allocators\allocator_checker.h">
      <Filter>gui\allocators</Filter>
    </ClInclude>
    <ClInclude Include="gui\allocators\allocator_policies.h">
      <Filter>gui\allocators</Filter>
    </ClInclude>
    <ClInclude Include="gui\allocators\arena.h">
      <Filter>gui\allocators</Filter>
    </ClInclude>
    <ClInclude Include="gui\allocators\dynarray.h">
      <Filter>gui\allocators</Filter>
    </ClInclude>
    <ClInclude Include="gui\allocators\freelist.h">
      <Filter>gui\allocators</Filter>
    </ClInclude>
    <ClInclude Include="gui\allocators\headerless.h">
      <Filter>gui\allocators</Filter>
    </ClInclude>
    <ClInclude Include="gui\allocators\overrun_protector.h">
      <Filter>gui\allocators</Filter>
    </ClInclude>
    <ClInclude Include="gui\allocators\page_aligned.h">
      <Filter>gui\allocators</Filter>
    </ClInclude>
    <ClInclude Include="gui\allocators\pool.h">
      <Filter>gui\allocators</Filter>
    </ClInclude>
    <ClInclude Include="gui\allocators\shared_ptr.h">
      <Filter>gui\allocators</Filter>
    </ClInclude>
    <ClInclude Include="gui\allocators\unique_range.h">
      <Filter>gui\allocators</Filter>
    </ClInclude>
    <ClInclude Include="gui\allocators\tests\test_allocators.h">
      <Filter>gui\allocators\tests</Filter>
    </ClInclude>
    <ClInclude Include="gui\allocators\tests\test_headerless.h">
      <Filter>gui\allocators\tests</Filter>
    </ClInclude>
    <ClInclude Include="gui\external_libraries\curl.h">
      <Filter>gui\external_libraries</Filter>
    </ClInclude>
    <ClInclude Include="gui\external_libraries\dbghelp.h">
      <Filter>gui\external_libraries</Filter>
    </ClInclude>
    <ClInclude Include="gui\external_libraries\dbghelp_funcs.h">
      <Filter>gui\external_libraries</Filter>
    </ClInclude>
    <ClInclude Include="gui\external_libraries\enet.h">
      <Filter>gui\external_libraries</Filter>
    </ClInclude>
    <ClInclude Include="gui\external_libraries\glext_funcs.h">
      <Filter>gui\external_libraries</Filter>
    </ClInclude>
    <ClInclude Include="gui\external_libraries\icu.h">
      <Filter>gui\external_libraries</Filter>
    </ClInclude>
    <ClInclude Include="gui\external_libraries\libsdl.h">
      <Filter>gui\external_libraries</Filter>
    </ClInclude>
    <ClInclude Include="gui\external_libraries\libsdl_fwd.h">
      <Filter>gui\external_libraries</Filter>
    </ClInclude>
    <ClInclude Include="gui\external_libraries\openal.h">
      <Filter>gui\external_libraries</Filter>
    </ClInclude>
    <ClInclude Include="gui\external_libraries\opengl.h">
      <Filter>gui\external_libraries</Filter>
    </ClInclude>
    <ClInclude Include="gui\external_libraries\openmp.h">
      <Filter>gui\external_libraries</Filter>
    </ClInclude>
    <ClInclude Include="gui\external_libraries\png.h">
      <Filter>gui\external_libraries</Filter>
    </ClInclude>
    <ClInclude Include="gui\external_libraries\powrprof.h">
      <Filter>gui\external_libraries</Filter>
    </ClInclude>
    <ClInclude Include="gui\external_libraries\suppress_boost_warnings.h">
      <Filter>gui\external_libraries</Filter>
    </ClInclude>
    <ClInclude Include="gui\external_libraries\tinygettext.h">
      <Filter>gui\external_libraries</Filter>
    </ClInclude>
    <ClInclude Include="gui\external_libraries\vorbis.h">
      <Filter>gui\external_libraries</Filter>
    </ClInclude>
    <ClInclude Include="gui\external_libraries\wxwidgets.h">
      <Filter>gui\external_libraries</Filter>
    </ClInclude>
    <ClInclude Include="gui\external_libraries\zlib.h">
      <Filter>gui\external_libraries</Filter>
    </ClInclude>
    <ClInclude Include="gui\file\file.h">
      <Filter>gui\file</Filter>
    </ClInclude>
    <ClInclude Include="gui\file\file_system.h">
      <Filter>gui\file</Filter>
    </ClInclude>
    <ClInclude Include="gui\file\archive\archive.h">
      <Filter>gui\file\archive</Filter>
    </ClInclude>
    <ClInclude Include="gui\file\archive\archive_zip.h">
      <Filter>gui\file\archive</Filter>
    </ClInclude>
    <ClInclude Include="gui\file\archive\codec.h">
      <Filter>gui\file\archive</Filter>
    </ClInclude>
    <ClInclude Include="gui\file\archive\codec_zlib.h">
      <Filter>gui\file\archive</Filter>
    </ClInclude>
    <ClInclude Include="gui\file\archive\stream.h">
      <Filter>gui\file\archive</Filter>
    </ClInclude>
    <ClInclude Include="gui\file\common\file_loader.h">
      <Filter>gui\file\common</Filter>
    </ClInclude>
    <ClInclude Include="gui\file\common\file_stats.h">
      <Filter>gui\file\common</Filter>
    </ClInclude>
    <ClInclude Include="gui\file\common\real_directory.h">
      <Filter>gui\file\common</Filter>
    </ClInclude>
    <ClInclude Include="gui\file\common\trace.h">
      <Filter>gui\file\common</Filter>
    </ClInclude>
    <ClInclude Include="gui\file\disabled_tests\test_file_cache.h">
      <Filter>gui\file\disabled_tests</Filter>
    </ClInclude>
    <ClInclude Include="gui\file\disabled_tests\test_path.h">
      <Filter>gui\file\disabled_tests</Filter>
    </ClInclude>
    <ClInclude Include="gui\file\io\io.h">
      <Filter>gui\file\io</Filter>
    </ClInclude>
    <ClInclude Include="gui\file\io\write_buffer.h">
      <Filter>gui\file\io</Filter>
    </ClInclude>
    <ClInclude Include="gui\file\vfs\file_cache.h">
      <Filter>gui\file\vfs</Filter>
    </ClInclude>
    <ClInclude Include="gui\file\vfs\vfs.h">
      <Filter>gui\file\vfs</Filter>
    </ClInclude>
    <ClInclude Include="gui\file\vfs\vfs_lookup.h">
      <Filter>gui\file\vfs</Filter>
    </ClInclude>
    <ClInclude Include="gui\file\vfs\vfs_path.h">
      <Filter>gui\file\vfs</Filter>
    </ClInclude>
    <ClInclude Include="gui\file\vfs\vfs_populate.h">
      <Filter>gui\file\vfs</Filter>
    </ClInclude>
    <ClInclude Include="gui\file\vfs\vfs_tree.h">
      <Filter>gui\file\vfs</Filter>
    </ClInclude>
    <ClInclude Include="gui\file\vfs\vfs_util.h">
      <Filter>gui\file\vfs</Filter>
    </ClInclude>
    <ClInclude Include="gui\file\vfs\tests\test_vfs_tree.h">
      <Filter>gui\file\vfs\tests</Filter>
    </ClInclude>
  </ItemGroup>
  <ItemGroup>
    <ClCompile Include="fpsgame.cpp">
      <Filter>源文件</Filter>
    </ClCompile>
    <ClCompile Include="StdSkeletons.cpp">
      <Filter>collada</Filter>
    </ClCompile>
    <ClCompile Include="CommonConvert.cpp">
      <Filter>collada</Filter>
    </ClCompile>
    <ClCompile Include="Dll.cpp">
      <Filter>collada</Filter>
    </ClCompile>
    <ClCompile Include="Math.cpp">
      <Filter>collada</Filter>
    </ClCompile>
    <ClCompile Include="XMLFix.cpp">
      <Filter>collada</Filter>
    </ClCompile>
    <ClCompile Include="PMDConvert.cpp">
      <Filter>collada</Filter>
    </ClCompile>
    <ClCompile Include="precompiled.cpp">
      <Filter>collada</Filter>
    </ClCompile>
    <ClCompile Include="PSAConvert.cpp">
      <Filter>collada</Filter>
    </ClCompile>
    <ClCompile Include="Decompose.cpp">
      <Filter>collada</Filter>
    </ClCompile>
    <ClCompile Include="GeomReindex.cpp">
      <Filter>collada</Filter>
    </ClCompile>
    <ClCompile Include="JSInterface_GameView.cpp">
      <Filter>graphics\scripting</Filter>
    </ClCompile>
    <ClCompile Include="Camera.cpp">
      <Filter>graphics</Filter>
    </ClCompile>
    <ClCompile Include="graphics\CinemaManager.cpp">
      <Filter>graphics</Filter>
    </ClCompile>
    <ClCompile Include="graphics\CinimaPath.cpp">
      <Filter>graphics</Filter>
    </ClCompile>
    <ClCompile Include="graphics\ColladaManager.cpp">
      <Filter>graphics</Filter>
    </ClCompile>
    <ClCompile Include="graphics\Color.cpp">
      <Filter>源文件</Filter>
    </ClCompile>
    <ClCompile Include="graphics\Unit.cpp">
      <Filter>源文件</Filter>
    </ClCompile>
    <ClCompile Include="graphics\Font.cpp">
      <Filter>graphics</Filter>
    </ClCompile>
    <ClCompile Include="graphics\Camera.cpp">
      <Filter>graphics</Filter>
    </ClCompile>
    <ClCompile Include="graphics\Decal.cpp">
      <Filter>graphics</Filter>
    </ClCompile>
    <ClCompile Include="graphics\FontManager.cpp">
      <Filter>graphics</Filter>
    </ClCompile>
    <ClCompile Include="graphics\FontMetrics.cpp">
      <Filter>graphics</Filter>
    </ClCompile>
    <ClCompile Include="graphics\Frustum.cpp">
      <Filter>graphics</Filter>
    </ClCompile>
    <ClCompile Include="graphics\GameView.cpp">
      <Filter>graphics</Filter>
    </ClCompile>
    <ClCompile Include="graphics\HeightMipmap.cpp">
      <Filter>graphics</Filter>
    </ClCompile>
    <ClCompile Include="graphics\HFTracer.cpp">
      <Filter>graphics</Filter>
    </ClCompile>
    <ClCompile Include="graphics\LightEnv.cpp">
      <Filter>graphics</Filter>
    </ClCompile>
    <ClCompile Include="graphics\LOSTexture.cpp">
      <Filter>graphics</Filter>
    </ClCompile>
    <ClCompile Include="graphics\MapGenerator.cpp">
      <Filter>graphics</Filter>
    </ClCompile>
    <ClCompile Include="graphics\MapReader.cpp">
      <Filter>graphics</Filter>
    </ClCompile>
    <ClCompile Include="graphics\MapWriter.cpp">
      <Filter>graphics</Filter>
    </ClCompile>
    <ClCompile Include="graphics\Material.cpp">
      <Filter>graphics</Filter>
    </ClCompile>
    <ClCompile Include="graphics\MaterialManager.cpp">
      <Filter>graphics</Filter>
    </ClCompile>
    <ClCompile Include="graphics\MeshManager.cpp">
      <Filter>graphics</Filter>
    </ClCompile>
    <ClCompile Include="graphics\MiniPatch.cpp">
      <Filter>graphics</Filter>
    </ClCompile>
    <ClCompile Include="graphics\Model.cpp">
      <Filter>graphics</Filter>
    </ClCompile>
    <ClCompile Include="graphics\ModelAbstract.cpp">
      <Filter>graphics</Filter>
    </ClCompile>
    <ClCompile Include="graphics\ModelDef.cpp">
      <Filter>graphics</Filter>
    </ClCompile>
    <ClCompile Include="graphics\ObjectBase.cpp">
      <Filter>graphics</Filter>
    </ClCompile>
    <ClCompile Include="graphics\ObjectEntry.cpp">
      <Filter>graphics</Filter>
    </ClCompile>
    <ClCompile Include="graphics\ObjectManager.cpp">
      <Filter>graphics</Filter>
    </ClCompile>
    <ClCompile Include="graphics\Overlay.cpp">
      <Filter>graphics</Filter>
    </ClCompile>
    <ClCompile Include="graphics\ParticleEmitter.cpp">
      <Filter>graphics</Filter>
    </ClCompile>
    <ClCompile Include="graphics\ParticleEmitterType.cpp">
      <Filter>graphics</Filter>
    </ClCompile>
    <ClCompile Include="graphics\ParticleManager.cpp">
      <Filter>graphics</Filter>
    </ClCompile>
    <ClCompile Include="graphics\Patch.cpp">
      <Filter>graphics</Filter>
    </ClCompile>
    <ClCompile Include="graphics\ShaderDefines.cpp">
      <Filter>graphics</Filter>
    </ClCompile>
    <ClCompile Include="graphics\ShaderManager.cpp">
      <Filter>graphics</Filter>
    </ClCompile>
    <ClCompile Include="graphics\ShaderProgram.cpp">
      <Filter>graphics</Filter>
    </ClCompile>
    <ClCompile Include="graphics\ShaderProgramFFP.cpp">
      <Filter>graphics</Filter>
    </ClCompile>
    <ClCompile Include="graphics\ShaderTechnique.cpp">
      <Filter>graphics</Filter>
    </ClCompile>
    <ClCompile Include="graphics\SkeletonAnimDef.cpp">
      <Filter>graphics</Filter>
    </ClCompile>
    <ClCompile Include="graphics\SkeletonAnimManager.cpp">
      <Filter>graphics</Filter>
    </ClCompile>
    <ClCompile Include="graphics\Terrain.cpp">
      <Filter>graphics</Filter>
    </ClCompile>
    <ClCompile Include="graphics\TerrainProperties.cpp">
      <Filter>graphics</Filter>
    </ClCompile>
    <ClCompile Include="graphics\TerrainTextureEntry.cpp">
      <Filter>graphics</Filter>
    </ClCompile>
    <ClCompile Include="graphics\TerrainTextureManager.cpp">
      <Filter>graphics</Filter>
    </ClCompile>
    <ClCompile Include="graphics\TerritoryBoundary.cpp">
      <Filter>graphics</Filter>
    </ClCompile>
    <ClCompile Include="graphics\TerritoryTexture.cpp">
      <Filter>graphics</Filter>
    </ClCompile>
    <ClCompile Include="graphics\TextRenderer.cpp">
      <Filter>graphics</Filter>
    </ClCompile>
    <ClCompile Include="graphics\TextureConverter.cpp">
      <Filter>graphics</Filter>
    </ClCompile>
    <ClCompile Include="graphics\TextureManager.cpp">
      <Filter>graphics</Filter>
    </ClCompile>
    <ClCompile Include="graphics\UnitAnimation.cpp">
      <Filter>graphics</Filter>
    </ClCompile>
    <ClCompile Include="graphics\UnitManager.cpp">
      <Filter>graphics</Filter>
    </ClCompile>
    <ClCompile Include="gui\app_hooks.cpp">
      <Filter>gui</Filter>
    </ClCompile>
    <ClCompile Include="gui\base32.cpp">
      <Filter>gui</Filter>
    </ClCompile>
    <ClCompile Include="gui\bits.cpp">
      <Filter>gui</Filter>
    </ClCompile>
    <ClCompile Include="gui\byte_order.cpp">
      <Filter>gui</Filter>
    </ClCompile>
    <ClCompile Include="gui\debug.cpp">
      <Filter>gui</Filter>
    </ClCompile>
    <ClCompile Include="gui\debug_stl.cpp">
      <Filter>gui</Filter>
    </ClCompile>
    <ClCompile Include="gui\fnv_hash.cpp">
      <Filter>gui</Filter>
    </ClCompile>
    <ClCompile Include="gui\frequency_filter.cpp">
      <Filter>gui</Filter>
    </ClCompile>
    <ClCompile Include="gui\input.cpp">
      <Filter>gui</Filter>
    </ClCompile>
    <ClCompile Include="gui\lib.cpp">
      <Filter>gui</Filter>
    </ClCompile>
    <ClCompile Include="gui\module_init.cpp">
      <Filter>gui</Filter>
    </ClCompile>
    <ClCompile Include="gui\ogl.cpp">
      <Filter>gui</Filter>
    </ClCompile>
    <ClCompile Include="gui\path.cpp">
      <Filter>gui</Filter>
    </ClCompile>
    <ClCompile Include="gui\rand.cpp">
      <Filter>gui</Filter>
    </ClCompile>
    <ClCompile Include="gui\regex.cpp">
      <Filter>gui</Filter>
    </ClCompile>
    <ClCompile Include="gui\secure_crt.cpp">
      <Filter>gui</Filter>
    </ClCompile>
    <ClCompile Include="gui\status.cpp">
      <Filter>gui</Filter>
    </ClCompile>
    <ClCompile Include="gui\svn_revision.cpp">
      <Filter>gui</Filter>
    </ClCompile>
    <ClCompile Include="gui\timer.cpp">
      <Filter>gui</Filter>
    </ClCompile>
    <ClCompile Include="gui\utf8.cpp">
      <Filter>gui</Filter>
    </ClCompile>
    <ClCompile Include="gui\wsecure_crt.cpp">
      <Filter>gui</Filter>
    </ClCompile>
    <ClCompile Include="gui\allocators\arena.cpp">
      <Filter>gui\allocators</Filter>
    </ClCompile>
    <ClCompile Include="gui\allocators\dynarray.cpp">
      <Filter>gui\allocators</Filter>
    </ClCompile>
    <ClCompile Include="gui\allocators\freelist.cpp">
      <Filter>gui\allocators</Filter>
    </ClCompile>
    <ClCompile Include="gui\allocators\headerless.cpp">
      <Filter>gui\allocators</Filter>
    </ClCompile>
    <ClCompile Include="gui\allocators\page_aligned.cpp">
      <Filter>gui\allocators</Filter>
    </ClCompile>
    <ClCompile Include="gui\allocators\pool.cpp">
      <Filter>gui\allocators</Filter>
    </ClCompile>
    <ClCompile Include="gui\allocators\shared_ptr.cpp">
      <Filter>gui\allocators</Filter>
    </ClCompile>
    <ClCompile Include="gui\allocators\unique_range.cpp">
      <Filter>gui\allocators</Filter>
    </ClCompile>
    <ClCompile Include="gui\external_libraries\dbghelp.cpp">
      <Filter>gui\external_libraries</Filter>
    </ClCompile>
    <ClCompile Include="gui\file\file.cpp">
      <Filter>gui\file</Filter>
    </ClCompile>
    <ClCompile Include="gui\file\file_system.cpp">
      <Filter>gui\file</Filter>
    </ClCompile>
    <ClCompile Include="gui\file\archive\archive.cpp">
      <Filter>gui\file\archive</Filter>
    </ClCompile>
    <ClCompile Include="gui\file\archive\archive_zip.cpp">
      <Filter>gui\file\archive</Filter>
    </ClCompile>
    <ClCompile Include="gui\file\archive\codec.cpp">
      <Filter>gui\file\archive</Filter>
    </ClCompile>
    <ClCompile Include="gui\file\archive\codec_zlib.cpp">
      <Filter>gui\file\archive</Filter>
    </ClCompile>
    <ClCompile Include="gui\file\archive\stream.cpp">
      <Filter>gui\file\archive</Filter>
    </ClCompile>
    <ClCompile Include="gui\file\common\file_loader.cpp">
      <Filter>gui\file\common</Filter>
    </ClCompile>
    <ClCompile Include="gui\file\common\file_stats.cpp">
      <Filter>gui\file\common</Filter>
    </ClCompile>
    <ClCompile Include="gui\file\common\real_directory.cpp">
      <Filter>gui\file\common</Filter>
    </ClCompile>
    <ClCompile Include="gui\file\common\trace.cpp">
      <Filter>gui\file\common</Filter>
    </ClCompile>
    <ClCompile Include="gui\file\io\io.cpp">
      <Filter>gui\file\io</Filter>
    </ClCompile>
    <ClCompile Include="gui\file\io\write_buffer.cpp">
      <Filter>gui\file\io</Filter>
    </ClCompile>
    <ClCompile Include="gui\file\vfs\file_cache.cpp">
      <Filter>gui\file\vfs</Filter>
    </ClCompile>
    <ClCompile Include="gui\file\vfs\vfs.cpp">
      <Filter>gui\file\vfs</Filter>
    </ClCompile>
    <ClCompile Include="gui\file\vfs\vfs_lookup.cpp">
      <Filter>gui\file\vfs</Filter>
    </ClCompile>
    <ClCompile Include="gui\file\vfs\vfs_path.cpp">
      <Filter>gui\file\vfs</Filter>
    </ClCompile>
    <ClCompile Include="gui\file\vfs\vfs_populate.cpp">
      <Filter>gui\file\vfs</Filter>
    </ClCompile>
    <ClCompile Include="gui\file\vfs\vfs_tree.cpp">
      <Filter>gui\file\vfs</Filter>
    </ClCompile>
    <ClCompile Include="gui\file\vfs\vfs_util.cpp">
      <Filter>gui\file\vfs</Filter>
    </ClCompile>
  </ItemGroup>
  <ItemGroup>
    <ResourceCompile Include="fpsgame.rc">
      <Filter>资源文件</Filter>
    </ResourceCompile>
  </ItemGroup>
  <ItemGroup>
    <Image Include="small.ico">
      <Filter>资源文件</Filter>
    </Image>
    <Image Include="fpsgame.ico">
      <Filter>资源文件</Filter>
    </Image>
  </ItemGroup>
  <ItemGroup>
    <None Include="tests.py">
      <Filter>collada\test</Filter>
    </None>
  </ItemGroup>
</Project>